
Microsoft Visual Studio Solution File, Format Version 12.00
# Visual Studio Version 16
VisualStudioVersion = 16.0.31729.503
MinimumVisualStudioVersion = 10.0.40219.1
Project("{FAE04EC0-301F-11D3-BF4B-00C04F79EFBC}") = "kataisbnn", "kataisbnn.csproj", "{90975005-C0D8-4022-A256-8710C980BDCB}"
EndProject
Project("{FAE04EC0-301F-11D3-BF4B-00C04F79EFBC}") = "kataisbnntest", "..\kataisbnntest\kataisbnntest.csproj", "{DA920895-7904-442F-99B1-18DD5F0C2778}"
EndProject
Global
	GlobalSection(SolutionConfigurationPlatforms) = preSolution
		Debug|Any CPU = Debug|Any CPU
		Release|Any CPU = Release|Any CPU
	EndGlobalSection
	GlobalSection(ProjectConfigurationPlatforms) = postSolution
		{90975005-C0D8-4022-A256-8710C980BDCB}.Debug|Any CPU.ActiveCfg = Debug|Any CPU
		{90975005-C0D8-4022-A256-8710C980BDCB}.Debug|Any CPU.Build.0 = Debug|Any CPU
		{90975005-C0D8-4022-A256-8710C980BDCB}.Release|Any CPU.ActiveCfg = Release|Any CPU
		{90975005-C0D8-4022-A256-8710C980BDCB}.Release|Any CPU.Build.0 = Release|Any CPU
		{DA920895-7904-442F-99B1-18DD5F0C2778}.Debug|Any CPU.ActiveCfg = Debug|Any CPU
		{DA920895-7904-442F-99B1-18DD5F0C2778}.Debug|Any CPU.Build.0 = Debug|Any CPU
		{DA920895-7904-442F-99B1-18DD5F0C2778}.Release|Any CPU.ActiveCfg = Release|Any CPU
		{DA920895-7904-442F-99B1-18DD5F0C2778}.Release|Any CPU.Build.0 = Release|Any CPU
	EndGlobalSection
	GlobalSection(SolutionProperties) = preSolution
		HideSolutionNode = FALSE
	EndGlobalSection
	GlobalSection(ExtensibilityGlobals) = postSolution
		SolutionGuid = {0EC5C64B-2A80-4DD9-8197-EA4303BE84D1}
	EndGlobalSection
EndGlobal
